
Microsoft Visual Studio Solution File, Format Version 12.00
# Visual Studio Version 17
VisualStudioVersion = 17.5.33424.131
MinimumVisualStudioVersion = 10.0.40219.1
Project("{9A19103F-16F7-4668-BE54-9A1E7A4F7556}") = "ConsoleProjeleriyleCSharpaGiris", "ConsoleProjeleriyleCSharpaGiris\ConsoleProjeleriyleCSharpaGiris.csproj", "{992E0B18-AB77-4BED-A1DA-22A63FB26B6E}"
EndProject
Project("{9A19103F-16F7-4668-BE54-9A1E7A4F7556}") = "_01_ConvertOrnek", "_01_ConvertOrnek\_01_ConvertOrnek.csproj", "{DB0315B2-9E7B-4D6B-B532-A35575EB65AD}"
EndProject
Project("{9A19103F-16F7-4668-BE54-9A1E7A4F7556}") = "_02_ConvertOrnek", "_02_ConvertOrnek\_02_ConvertOrnek.csproj", "{D6F9B905-6AA4-41A8-B8B8-D05E6B88C19E}"
EndProject
Project("{9A19103F-16F7-4668-BE54-9A1E7A4F7556}") = "_03_ConvertOrnek", "_03_ConvertOrnek\_03_ConvertOrnek.csproj", "{13B1C48D-6370-4967-A2DD-8331173346E2}"
EndProject
Project("{9A19103F-16F7-4668-BE54-9A1E7A4F7556}") = "_04_ParseOrnek", "_04_ParseOrnek\_04_ParseOrnek.csproj", "{AA1EE4C5-03E5-41E5-9576-8A69A414B0A8}"
EndProject
Project("{9A19103F-16F7-4668-BE54-9A1E7A4F7556}") = "_05_ParseOrnek", "_05_ParseOrnek\_05_ParseOrnek.csproj", "{2B1E2542-6C21-41A6-9B54-6439DE281A46}"
EndProject
Project("{9A19103F-16F7-4668-BE54-9A1E7A4F7556}") = "_06_TryParseOrnek", "_06_TryParseOrnek\_06_TryParseOrnek.csproj", "{122FD22A-2309-41B6-B7A9-71D57697CE05}"
EndProject
Project("{9A19103F-16F7-4668-BE54-9A1E7A4F7556}") = "_07_TryParseOrnek", "_07_TryParseOrnek\_07_TryParseOrnek.csproj", "{6D6A4960-97EE-41A0-BD2B-889D0E5BBC1A}"
EndProject
Project("{9A19103F-16F7-4668-BE54-9A1E7A4F7556}") = "_08_ConsoleColorOrnek", "_08_ConsoleColorOrnek\_08_ConsoleColorOrnek.csproj", "{4DE72836-FF9A-4EB3-9FB0-5D1B59B92DA6}"
EndProject
Project("{9A19103F-16F7-4668-BE54-9A1E7A4F7556}") = "_09_ConsoleColor", "_09_ConsoleColor\_09_ConsoleColor.csproj", "{24776AF8-935F-4F76-81BF-3736DBBB539E}"
EndProject
Project("{9A19103F-16F7-4668-BE54-9A1E7A4F7556}") = "_10_ConsoleColorEnumdanGelir", "_10_ConsoleColorEnumdanGelir\_10_ConsoleColorEnumdanGelir.csproj", "{3D569380-5699-40AA-B105-BF94BE15EE43}"
EndProject
Project("{9A19103F-16F7-4668-BE54-9A1E7A4F7556}") = "_11_ConsoleColorOrnek", "_11_ConsoleColorOrnek\_11_ConsoleColorOrnek.csproj", "{3EA5B96D-B554-4841-8ED5-229DC17A630C}"
EndProject
Project("{FAE04EC0-301F-11D3-BF4B-00C04F79EFBC}") = "Koleksiyonlar-Soru1", "Koleksiyonlar\Koleksiyonlar-Soru1.csproj", "{3F9EAABB-CD1F-4672-881A-BAD280ABABCA}"
EndProject
Global
	GlobalSection(SolutionConfigurationPlatforms) = preSolution
		Debug|Any CPU = Debug|Any CPU
		Release|Any CPU = Release|Any CPU
	EndGlobalSection
	GlobalSection(ProjectConfigurationPlatforms) = postSolution
		{992E0B18-AB77-4BED-A1DA-22A63FB26B6E}.Debug|Any CPU.ActiveCfg = Debug|Any CPU
		{992E0B18-AB77-4BED-A1DA-22A63FB26B6E}.Debug|Any CPU.Build.0 = Debug|Any CPU
		{992E0B18-AB77-4BED-A1DA-22A63FB26B6E}.Release|Any CPU.ActiveCfg = Release|Any CPU
		{992E0B18-AB77-4BED-A1DA-22A63FB26B6E}.Release|Any CPU.Build.0 = Release|Any CPU
		{DB0315B2-9E7B-4D6B-B532-A35575EB65AD}.Debug|Any CPU.ActiveCfg = Debug|Any CPU
		{DB0315B2-9E7B-4D6B-B532-A35575EB65AD}.Debug|Any CPU.Build.0 = Debug|Any CPU
		{DB0315B2-9E7B-4D6B-B532-A35575EB65AD}.Release|Any CPU.ActiveCfg = Release|Any CPU
		{DB0315B2-9E7B-4D6B-B532-A35575EB65AD}.Release|Any CPU.Build.0 = Release|Any CPU
		{D6F9B905-6AA4-41A8-B8B8-D05E6B88C19E}.Debug|Any CPU.ActiveCfg = Debug|Any CPU
		{D6F9B905-6AA4-41A8-B8B8-D05E6B88C19E}.Debug|Any CPU.Build.0 = Debug|Any CPU
		{D6F9B905-6AA4-41A8-B8B8-D05E6B88C19E}.Release|Any CPU.ActiveCfg = Release|Any CPU
		{D6F9B905-6AA4-41A8-B8B8-D05E6B88C19E}.Release|Any CPU.Build.0 = Release|Any CPU
		{13B1C48D-6370-4967-A2DD-8331173346E2}.Debug|Any CPU.ActiveCfg = Debug|Any CPU
		{13B1C48D-6370-4967-A2DD-8331173346E2}.Debug|Any CPU.Build.0 = Debug|Any CPU
		{13B1C48D-6370-4967-A2DD-8331173346E2}.Release|Any CPU.ActiveCfg = Release|Any CPU
		{13B1C48D-6370-4967-A2DD-8331173346E2}.Release|Any CPU.Build.0 = Release|Any CPU
		{AA1EE4C5-03E5-41E5-9576-8A69A414B0A8}.Debug|Any CPU.ActiveCfg = Debug|Any CPU
		{AA1EE4C5-03E5-41E5-9576-8A69A414B0A8}.Debug|Any CPU.Build.0 = Debug|Any CPU
		{AA1EE4C5-03E5-41E5-9576-8A69A414B0A8}.Release|Any CPU.ActiveCfg = Release|Any CPU
		{AA1EE4C5-03E5-41E5-9576-8A69A414B0A8}.Release|Any CPU.Build.0 = Release|Any CPU
		{2B1E2542-6C21-41A6-9B54-6439DE281A46}.Debug|Any CPU.ActiveCfg = Debug|Any CPU
		{2B1E2542-6C21-41A6-9B54-6439DE281A46}.Debug|Any CPU.Build.0 = Debug|Any CPU
		{2B1E2542-6C21-41A6-9B54-6439DE281A46}.Release|Any CPU.ActiveCfg = Release|Any CPU
		{2B1E2542-6C21-41A6-9B54-6439DE281A46}.Release|Any CPU.Build.0 = Release|Any CPU
		{122FD22A-2309-41B6-B7A9-71D57697CE05}.Debug|Any CPU.ActiveCfg = Debug|Any CPU
		{122FD22A-2309-41B6-B7A9-71D57697CE05}.Debug|Any CPU.Build.0 = Debug|Any CPU
		{122FD22A-2309-41B6-B7A9-71D57697CE05}.Release|Any CPU.ActiveCfg = Release|Any CPU
		{122FD22A-2309-41B6-B7A9-71D57697CE05}.Release|Any CPU.Build.0 = Release|Any CPU
		{6D6A4960-97EE-41A0-BD2B-889D0E5BBC1A}.Debug|Any CPU.ActiveCfg = Debug|Any CPU
		{6D6A4960-97EE-41A0-BD2B-889D0E5BBC1A}.Debug|Any CPU.Build.0 = Debug|Any CPU
		{6D6A4960-97EE-41A0-BD2B-889D0E5BBC1A}.Release|Any CPU.ActiveCfg = Release|Any CPU
		{6D6A4960-97EE-41A0-BD2B-889D0E5BBC1A}.Release|Any CPU.Build.0 = Release|Any CPU
		{4DE72836-FF9A-4EB3-9FB0-5D1B59B92DA6}.Debug|Any CPU.ActiveCfg = Debug|Any CPU
		{4DE72836-FF9A-4EB3-9FB0-5D1B59B92DA6}.Debug|Any CPU.Build.0 = Debug|Any CPU
		{4DE72836-FF9A-4EB3-9FB0-5D1B59B92DA6}.Release|Any CPU.ActiveCfg = Release|Any CPU
		{4DE72836-FF9A-4EB3-9FB0-5D1B59B92DA6}.Release|Any CPU.Build.0 = Release|Any CPU
		{24776AF8-935F-4F76-81BF-3736DBBB539E}.Debug|Any CPU.ActiveCfg = Debug|Any CPU
		{24776AF8-935F-4F76-81BF-3736DBBB539E}.Debug|Any CPU.Build.0 = Debug|Any CPU
		{24776AF8-935F-4F76-81BF-3736DBBB539E}.Release|Any CPU.ActiveCfg = Release|Any CPU
		{24776AF8-935F-4F76-81BF-3736DBBB539E}.Release|Any CPU.Build.0 = Release|Any CPU
		{3D569380-5699-40AA-B105-BF94BE15EE43}.Debug|Any CPU.ActiveCfg = Debug|Any CPU
		{3D569380-5699-40AA-B105-BF94BE15EE43}.Debug|Any CPU.Build.0 = Debug|Any CPU
		{3D569380-5699-40AA-B105-BF94BE15EE43}.Release|Any CPU.ActiveCfg = Release|Any CPU
		{3D569380-5699-40AA-B105-BF94BE15EE43}.Release|Any CPU.Build.0 = Release|Any CPU
		{3EA5B96D-B554-4841-8ED5-229DC17A630C}.Debug|Any CPU.ActiveCfg = Debug|Any CPU
		{3EA5B96D-B554-4841-8ED5-229DC17A630C}.Debug|Any CPU.Build.0 = Debug|Any CPU
		{3EA5B96D-B554-4841-8ED5-229DC17A630C}.Release|Any CPU.ActiveCfg = Release|Any CPU
		{3EA5B96D-B554-4841-8ED5-229DC17A630C}.Release|Any CPU.Build.0 = Release|Any CPU
		{3F9EAABB-CD1F-4672-881A-BAD280ABABCA}.Debug|Any CPU.ActiveCfg = Debug|Any CPU
		{3F9EAABB-CD1F-4672-881A-BAD280ABABCA}.Debug|Any CPU.Build.0 = Debug|Any CPU
		{3F9EAABB-CD1F-4672-881A-BAD280ABABCA}.Release|Any CPU.ActiveCfg = Release|Any CPU
		{3F9EAABB-CD1F-4672-881A-BAD280ABABCA}.Release|Any CPU.Build.0 = Release|Any CPU
	EndGlobalSection
	GlobalSection(SolutionProperties) = preSolution
		HideSolutionNode = FALSE
	EndGlobalSection
	GlobalSection(ExtensibilityGlobals) = postSolution
		SolutionGuid = {F63F4E0A-4F5F-49CD-BE3E-C4F5937ADCA5}
	EndGlobalSection
EndGlobal
